
Microsoft Visual Studio Solution File, Format Version 12.00
# Visual Studio Version 16
VisualStudioVersion = 16.0.31025.194
MinimumVisualStudioVersion = 10.0.40219.1
Project("{FAE04EC0-301F-11D3-BF4B-00C04F79EFBC}") = "SecondaProvaMessaVeronica", "SecondaProvaMessaVeronica\SecondaProvaMessaVeronica.csproj", "{54A90B8D-7CF7-4E32-900D-0BFA53FF10F6}"
EndProject
Global
	GlobalSection(SolutionConfigurationPlatforms) = preSolution
		Debug|Any CPU = Debug|Any CPU
		Release|Any CPU = Release|Any CPU
	EndGlobalSection
	GlobalSection(ProjectConfigurationPlatforms) = postSolution
		{54A90B8D-7CF7-4E32-900D-0BFA53FF10F6}.Debug|Any CPU.ActiveCfg = Debug|Any CPU
		{54A90B8D-7CF7-4E32-900D-0BFA53FF10F6}.Debug|Any CPU.Build.0 = Debug|Any CPU
		{54A90B8D-7CF7-4E32-900D-0BFA53FF10F6}.Release|Any CPU.ActiveCfg = Release|Any CPU
		{54A90B8D-7CF7-4E32-900D-0BFA53FF10F6}.Release|Any CPU.Build.0 = Release|Any CPU
	EndGlobalSection
	GlobalSection(SolutionProperties) = preSolution
		HideSolutionNode = FALSE
	EndGlobalSection
	GlobalSection(ExtensibilityGlobals) = postSolution
		SolutionGuid = {7E35F76A-78CB-40C9-B439-3F5F4022D448}
	EndGlobalSection
EndGlobal
